{
    "_readme": [
        "This file locks the dependencies of your project to a known state",
        "Read more about it at https://getcomposer.org/doc/01-basic-usage.md#installing-dependencies",
        "This file is @generated automatically"
    ],
    "content-hash": "6c07ebe453f2a32c87301ceedaa0ac4a",
    "packages": [
        {
            "name": "costsrl/cost01",
            "version": "v1.0.1",
            "source": {
                "type": "git",
                "url": "https://github.com/costsrl/cost01.git",
                "reference": "ec55733c87e537e53f0084510101db042267fbbc"
            },
            "dist": {
                "type": "zip",
                "url": "https://api.github.com/repos/costsrl/cost01/zipball/ec55733c87e537e53f0084510101db042267fbbc",
                "reference": "ec55733c87e537e53f0084510101db042267fbbc",
                "shasum": ""
            },
            "type": "library",
            "autoload": {
                "psr-4": {
                    "Vitomattera\\Cost01\\": "src/"
                }
            },
            "notification-url": "https://packagist.org/downloads/",
            "support": {
                "issues": "https://github.com/costsrl/cost01/issues",
                "source": "https://github.com/costsrl/cost01/tree/v1.0.1"
            },
            "time": "2023-03-23T15:15:23+00:00"
        }
    ],
    "packages-dev": [],
    "aliases": [],
    "minimum-stability": "stable",
    "stability-flags": [],
    "prefer-stable": false,
    "prefer-lowest": false,
    "platform": [],
    "platform-dev": [],
    "plugin-api-version": "2.3.0"
}
