{
    "_readme": [
        "This file locks the dependencies of your project to a known state",
        "Read more about it at https://getcomposer.org/doc/01-basic-usage.md#installing-dependencies",
        "This file is @generated automatically"
    ],
    "content-hash": "533a5f65e71cc48d29ee2d93e0642b7d",
    "packages": [
        {
            "name": "costsrl/cost01",
            "version": "dev-main",
            "source": {
                "type": "git",
                "url": "https://github.com/costsrl/cost01.git",
                "reference": "03bb28fb2f9ce5268620131b028bca4e32ee2ce0"
            },
            "dist": {
                "type": "zip",
                "url": "https://api.github.com/repos/costsrl/cost01/zipball/03bb28fb2f9ce5268620131b028bca4e32ee2ce0",
                "reference": "03bb28fb2f9ce5268620131b028bca4e32ee2ce0",
                "shasum": ""
            },
            "require": {
                "php": "^7.4"
            },
            "require-dev": {
                "php": "^7.4"
            },
            "default-branch": true,
            "type": "library",
            "autoload": {
                "psr-4": {
                    "Vitomattera\\Cost01\\": "src/"
                }
            },
            "notification-url": "https://packagist.org/downloads/",
            "authors": [
                {
                    "name": "CoST srl"
                }
            ],
            "description": "CoST - cost01",
            "support": {
                "issues": "https://github.com/costsrl/cost01/issues",
                "source": "https://github.com/costsrl/cost01/tree/main"
            },
            "time": "2023-03-24T12:41:20+00:00"
        }
    ],
    "packages-dev": [],
    "aliases": [],
    "minimum-stability": "dev",
    "stability-flags": {
        "costsrl/cost01": 20
    },
    "prefer-stable": false,
    "prefer-lowest": false,
    "platform": {
        "php": "^7.4"
    },
    "platform-dev": {
        "php": "^7.4"
    },
    "plugin-api-version": "2.3.0"
}
